
Microsoft Visual Studio Solution File, Format Version 12.00
# Visual Studio Version 16
VisualStudioVersion = 16.0.28917.181
MinimumVisualStudioVersion = 10.0.40219.1
Project("{9A19103F-16F7-4668-BE54-9A1E7A4F7556}") = "LibraryAPI", "LibraryAPI\LibraryAPI.csproj", "{61A19603-62F6-43F6-8770-C297F1E82119}"
EndProject
Project("{9A19103F-16F7-4668-BE54-9A1E7A4F7556}") = "Common", "Common\Common.csproj", "{F4E20789-FC26-487B-820C-227E7014B67C}"
EndProject
Project("{2150E333-8FDC-42A3-9474-1A3956D46DE8}") = "Common", "Common", "{A015B19E-1396-4DD2-A231-8CB5B82B5D1D}"
EndProject
Project("{2150E333-8FDC-42A3-9474-1A3956D46DE8}") = "BusinessLogic", "BusinessLogic", "{888516C0-C9ED-402C-AC37-87D064A5D81D}"
EndProject
Project("{FAE04EC0-301F-11D3-BF4B-00C04F79EFBC}") = "BusinessLogic.Interfaces", "BusinessLogic.Interfaces\BusinessLogic.Interfaces.csproj", "{02FB8D1D-8EE1-4E5C-AA80-7FED32F19F9F}"
EndProject
Project("{FAE04EC0-301F-11D3-BF4B-00C04F79EFBC}") = "BusinessLogic", "BusinessLogic\BusinessLogic.csproj", "{BA9EB31D-B055-41C1-B415-25413A5B5F90}"
EndProject
Project("{2150E333-8FDC-42A3-9474-1A3956D46DE8}") = "DataBase", "DataBase", "{1D83A0D5-BCAF-4037-A836-6CFEBABE2903}"
EndProject
Project("{FAE04EC0-301F-11D3-BF4B-00C04F79EFBC}") = "DataBase.Interfaces", "DataBase.Interfaces\DataBase.Interfaces.csproj", "{D111E96D-335E-440A-B9E7-181FF3B0ADF0}"
EndProject
Project("{FAE04EC0-301F-11D3-BF4B-00C04F79EFBC}") = "MySQL", "MySQL\MySQL.csproj", "{9772F7B8-C524-458D-B28F-E8EDB14732D2}"
EndProject
Global
	GlobalSection(SolutionConfigurationPlatforms) = preSolution
		Debug|Any CPU = Debug|Any CPU
		Release|Any CPU = Release|Any CPU
	EndGlobalSection
	GlobalSection(ProjectConfigurationPlatforms) = postSolution
		{61A19603-62F6-43F6-8770-C297F1E82119}.Debug|Any CPU.ActiveCfg = Debug|Any CPU
		{61A19603-62F6-43F6-8770-C297F1E82119}.Debug|Any CPU.Build.0 = Debug|Any CPU
		{61A19603-62F6-43F6-8770-C297F1E82119}.Release|Any CPU.ActiveCfg = Release|Any CPU
		{61A19603-62F6-43F6-8770-C297F1E82119}.Release|Any CPU.Build.0 = Release|Any CPU
		{F4E20789-FC26-487B-820C-227E7014B67C}.Debug|Any CPU.ActiveCfg = Debug|Any CPU
		{F4E20789-FC26-487B-820C-227E7014B67C}.Debug|Any CPU.Build.0 = Debug|Any CPU
		{F4E20789-FC26-487B-820C-227E7014B67C}.Release|Any CPU.ActiveCfg = Release|Any CPU
		{F4E20789-FC26-487B-820C-227E7014B67C}.Release|Any CPU.Build.0 = Release|Any CPU
		{02FB8D1D-8EE1-4E5C-AA80-7FED32F19F9F}.Debug|Any CPU.ActiveCfg = Debug|Any CPU
		{02FB8D1D-8EE1-4E5C-AA80-7FED32F19F9F}.Debug|Any CPU.Build.0 = Debug|Any CPU
		{02FB8D1D-8EE1-4E5C-AA80-7FED32F19F9F}.Release|Any CPU.ActiveCfg = Release|Any CPU
		{02FB8D1D-8EE1-4E5C-AA80-7FED32F19F9F}.Release|Any CPU.Build.0 = Release|Any CPU
		{BA9EB31D-B055-41C1-B415-25413A5B5F90}.Debug|Any CPU.ActiveCfg = Debug|Any CPU
		{BA9EB31D-B055-41C1-B415-25413A5B5F90}.Debug|Any CPU.Build.0 = Debug|Any CPU
		{BA9EB31D-B055-41C1-B415-25413A5B5F90}.Release|Any CPU.ActiveCfg = Release|Any CPU
		{BA9EB31D-B055-41C1-B415-25413A5B5F90}.Release|Any CPU.Build.0 = Release|Any CPU
		{D111E96D-335E-440A-B9E7-181FF3B0ADF0}.Debug|Any CPU.ActiveCfg = Debug|Any CPU
		{D111E96D-335E-440A-B9E7-181FF3B0ADF0}.Debug|Any CPU.Build.0 = Debug|Any CPU
		{D111E96D-335E-440A-B9E7-181FF3B0ADF0}.Release|Any CPU.ActiveCfg = Release|Any CPU
		{D111E96D-335E-440A-B9E7-181FF3B0ADF0}.Release|Any CPU.Build.0 = Release|Any CPU
		{9772F7B8-C524-458D-B28F-E8EDB14732D2}.Debug|Any CPU.ActiveCfg = Debug|Any CPU
		{9772F7B8-C524-458D-B28F-E8EDB14732D2}.Debug|Any CPU.Build.0 = Debug|Any CPU
		{9772F7B8-C524-458D-B28F-E8EDB14732D2}.Release|Any CPU.ActiveCfg = Release|Any CPU
		{9772F7B8-C524-458D-B28F-E8EDB14732D2}.Release|Any CPU.Build.0 = Release|Any CPU
	EndGlobalSection
	GlobalSection(SolutionProperties) = preSolution
		HideSolutionNode = FALSE
	EndGlobalSection
	GlobalSection(NestedProjects) = preSolution
		{F4E20789-FC26-487B-820C-227E7014B67C} = {A015B19E-1396-4DD2-A231-8CB5B82B5D1D}
		{02FB8D1D-8EE1-4E5C-AA80-7FED32F19F9F} = {888516C0-C9ED-402C-AC37-87D064A5D81D}
		{BA9EB31D-B055-41C1-B415-25413A5B5F90} = {888516C0-C9ED-402C-AC37-87D064A5D81D}
		{D111E96D-335E-440A-B9E7-181FF3B0ADF0} = {1D83A0D5-BCAF-4037-A836-6CFEBABE2903}
		{9772F7B8-C524-458D-B28F-E8EDB14732D2} = {1D83A0D5-BCAF-4037-A836-6CFEBABE2903}
	EndGlobalSection
	GlobalSection(ExtensibilityGlobals) = postSolution
		SolutionGuid = {C504FDD8-60F8-41F5-8D60-36C0E098B0F6}
	EndGlobalSection
EndGlobal
